
Microsoft Visual Studio Solution File, Format Version 12.00
# Visual Studio Version 17
VisualStudioVersion = 17.11.35327.3
MinimumVisualStudioVersion = 10.0.40219.1
Project("{FAE04EC0-301F-11D3-BF4B-00C04F79EFBC}") = "ModbusFirstTry", "ModbusFirstTry.csproj", "{770A6666-EDB5-4152-9CD1-13E4783CB856}"
EndProject
Global
	GlobalSection(SolutionConfigurationPlatforms) = preSolution
		Debug|Any CPU = Debug|Any CPU
		Release|Any CPU = Release|Any CPU
	EndGlobalSection
	GlobalSection(ProjectConfigurationPlatforms) = postSolution
		{770A6666-EDB5-4152-9CD1-13E4783CB856}.Debug|Any CPU.ActiveCfg = Debug|Any CPU
		{770A6666-EDB5-4152-9CD1-13E4783CB856}.Debug|Any CPU.Build.0 = Debug|Any CPU
		{770A6666-EDB5-4152-9CD1-13E4783CB856}.Release|Any CPU.ActiveCfg = Release|Any CPU
		{770A6666-EDB5-4152-9CD1-13E4783CB856}.Release|Any CPU.Build.0 = Release|Any CPU
	EndGlobalSection
	GlobalSection(SolutionProperties) = preSolution
		HideSolutionNode = FALSE
	EndGlobalSection
	GlobalSection(ExtensibilityGlobals) = postSolution
		SolutionGuid = {1C1253A2-F8D4-46AB-B566-B9676459997B}
	EndGlobalSection
EndGlobal
